[[package]]
name = "construct"
version = "2.10.70"
description = "A powerful declarative parser/builder for binary data"
category = "main"
optional = false
python-versions = "*"

[metadata]
lock-version = "1.1"
python-versions = "^2.7 || >=3.3,<4.0"
content-hash = "a9e83dff3919fb2214fca067351db9aa17209873b88bff5d77ce61fbaeb84046"

[metadata.files]
construct = [
    {file = "construct-2.10.70.tar.gz", hash = "sha256:4d2472f9684731e58cc9c56c463be63baa1447d674e0d66aeb5627b22f512c29"},
]
